
Microsoft Visual Studio Solution File, Format Version 12.00
# Visual Studio 15
VisualStudioVersion = 15.0.27703.2035
MinimumVisualStudioVersion = 10.0.40219.1
Project("{8BC9CEB8-8B4A-11D0-8D11-00A0C91BC942}") = "04.Project4", "04.Project4\04.Project4.vcxproj", "{A691803D-7D86-430E-B69A-2980B0E7C994}"
EndProject
Global
	GlobalSection(SolutionConfigurationPlatforms) = preSolution
		Debug|x64 = Debug|x64
		Debug|x86 = Debug|x86
		Release|x64 = Release|x64
		Release|x86 = Release|x86
	EndGlobalSection
	GlobalSection(ProjectConfigurationPlatforms) = postSolution
		{A691803D-7D86-430E-B69A-2980B0E7C994}.Debug|x64.ActiveCfg = Debug|x64
		{A691803D-7D86-430E-B69A-2980B0E7C994}.Debug|x64.Build.0 = Debug|x64
		{A691803D-7D86-430E-B69A-2980B0E7C994}.Debug|x86.ActiveCfg = Debug|Win32
		{A691803D-7D86-430E-B69A-2980B0E7C994}.Debug|x86.Build.0 = Debug|Win32
		{A691803D-7D86-430E-B69A-2980B0E7C994}.Release|x64.ActiveCfg = Release|x64
		{A691803D-7D86-430E-B69A-2980B0E7C994}.Release|x64.Build.0 = Release|x64
		{A691803D-7D86-430E-B69A-2980B0E7C994}.Release|x86.ActiveCfg = Release|Win32
		{A691803D-7D86-430E-B69A-2980B0E7C994}.Release|x86.Build.0 = Release|Win32
	EndGlobalSection
	GlobalSection(SolutionProperties) = preSolution
		HideSolutionNode = FALSE
	EndGlobalSection
	GlobalSection(ExtensibilityGlobals) = postSolution
		SolutionGuid = {75910883-3202-4998-B0CB-E0833BCCFD72}
	EndGlobalSection
EndGlobal
